
Microsoft Visual Studio Solution File, Format Version 12.00
# Visual Studio Version 17
VisualStudioVersion = 17.14.36202.13 d17.14
MinimumVisualStudioVersion = 10.0.40219.1
Project("{FAE04EC0-301F-11D3-BF4B-00C04F79EFBC}") = "Acr.WindowsForms.Controls", "Acr.WindowsForms.Controls\Acr.WindowsForms.Controls.csproj", "{2D105BDD-F22A-41A0-ABF4-407D1980E47C}"
EndProject
Global
	GlobalSection(SolutionConfigurationPlatforms) = preSolution
		Debug|Any CPU = Debug|Any CPU
		Release|Any CPU = Release|Any CPU
	EndGlobalSection
	GlobalSection(ProjectConfigurationPlatforms) = postSolution
		{2D105BDD-F22A-41A0-ABF4-407D1980E47C}.Debug|Any CPU.ActiveCfg = Debug|Any CPU
		{2D105BDD-F22A-41A0-ABF4-407D1980E47C}.Debug|Any CPU.Build.0 = Debug|Any CPU
		{2D105BDD-F22A-41A0-ABF4-407D1980E47C}.Release|Any CPU.ActiveCfg = Release|Any CPU
		{2D105BDD-F22A-41A0-ABF4-407D1980E47C}.Release|Any CPU.Build.0 = Release|Any CPU
	EndGlobalSection
	GlobalSection(SolutionProperties) = preSolution
		HideSolutionNode = FALSE
	EndGlobalSection
	GlobalSection(ExtensibilityGlobals) = postSolution
		SolutionGuid = {9D15EEB5-4ECB-45B6-A805-82B6CD938552}
	EndGlobalSection
EndGlobal
